
Microsoft Visual Studio Solution File, Format Version 12.00
# Visual Studio Version 17
VisualStudioVersion = 17.12.35728.132 d17.12
MinimumVisualStudioVersion = 10.0.40219.1
Project("{FAE04EC0-301F-11D3-BF4B-00C04F79EFBC}") = "VA1", "VA1\VA1.csproj", "{4AEA99EF-061B-4679-AF44-BC7FFDBC302B}"
EndProject
Project("{FAE04EC0-301F-11D3-BF4B-00C04F79EFBC}") = "VA1Application", "VA1Application\VA1Application.csproj", "{56380A92-BC12-4AF9-B66D-FBA3B0E70119}"
EndProject
Project("{FAE04EC0-301F-11D3-BF4B-00C04F79EFBC}") = "VNC.Visio.VSTOAddIn", "..\..\VNCOffice\VNC.Visio.VSTOAddin\VNC.Visio.VSTOAddIn.csproj", "{577F8A8B-A0FC-4591-A0FC-D582E525D1E6}"
EndProject
Global
	GlobalSection(SolutionConfigurationPlatforms) = preSolution
		Debug|Any CPU = Debug|Any CPU
		Release|Any CPU = Release|Any CPU
	EndGlobalSection
	GlobalSection(ProjectConfigurationPlatforms) = postSolution
		{4AEA99EF-061B-4679-AF44-BC7FFDBC302B}.Debug|Any CPU.ActiveCfg = Debug|Any CPU
		{4AEA99EF-061B-4679-AF44-BC7FFDBC302B}.Debug|Any CPU.Build.0 = Debug|Any CPU
		{4AEA99EF-061B-4679-AF44-BC7FFDBC302B}.Release|Any CPU.ActiveCfg = Release|Any CPU
		{4AEA99EF-061B-4679-AF44-BC7FFDBC302B}.Release|Any CPU.Build.0 = Release|Any CPU
		{56380A92-BC12-4AF9-B66D-FBA3B0E70119}.Debug|Any CPU.ActiveCfg = Debug|Any CPU
		{56380A92-BC12-4AF9-B66D-FBA3B0E70119}.Debug|Any CPU.Build.0 = Debug|Any CPU
		{56380A92-BC12-4AF9-B66D-FBA3B0E70119}.Release|Any CPU.ActiveCfg = Release|Any CPU
		{56380A92-BC12-4AF9-B66D-FBA3B0E70119}.Release|Any CPU.Build.0 = Release|Any CPU
		{577F8A8B-A0FC-4591-A0FC-D582E525D1E6}.Debug|Any CPU.ActiveCfg = Debug|Any CPU
		{577F8A8B-A0FC-4591-A0FC-D582E525D1E6}.Debug|Any CPU.Build.0 = Debug|Any CPU
		{577F8A8B-A0FC-4591-A0FC-D582E525D1E6}.Release|Any CPU.ActiveCfg = Release|Any CPU
		{577F8A8B-A0FC-4591-A0FC-D582E525D1E6}.Release|Any CPU.Build.0 = Release|Any CPU
	EndGlobalSection
	GlobalSection(SolutionProperties) = preSolution
		HideSolutionNode = FALSE
	EndGlobalSection
EndGlobal
