
Microsoft Visual Studio Solution File, Format Version 12.00
# Visual Studio Version 17
VisualStudioVersion = 17.12.35728.132 d17.12
MinimumVisualStudioVersion = 10.0.40219.1
Project("{FAE04EC0-301F-11D3-BF4B-00C04F79EFBC}") = "VisioAddInTemplate", "VisioAddInTemplate\VisioAddInTemplate.csproj", "{B1F7838B-CF6E-46CA-91B0-BE2A21FE931E}"
EndProject
Project("{FAE04EC0-301F-11D3-BF4B-00C04F79EFBC}") = "VisioAddInApplicationTemplate", "VisioAddInApplicationTemplate\VisioAddInApplicationTemplate.csproj", "{EA50CE90-4D8C-48E6-B28B-5DEFE3E2186A}"
EndProject
Project("{FAE04EC0-301F-11D3-BF4B-00C04F79EFBC}") = "VNC.Visio.VSTOAddIn", "..\..\VNCOffice\VNC.Visio.VSTOAddin\VNC.Visio.VSTOAddIn.csproj", "{EFFDC964-46E9-4BD4-886C-337552581E26}"
EndProject
Global
	GlobalSection(SolutionConfigurationPlatforms) = preSolution
		Debug|Any CPU = Debug|Any CPU
		Release|Any CPU = Release|Any CPU
	EndGlobalSection
	GlobalSection(ProjectConfigurationPlatforms) = postSolution
		{B1F7838B-CF6E-46CA-91B0-BE2A21FE931E}.Debug|Any CPU.ActiveCfg = Debug|Any CPU
		{B1F7838B-CF6E-46CA-91B0-BE2A21FE931E}.Debug|Any CPU.Build.0 = Debug|Any CPU
		{B1F7838B-CF6E-46CA-91B0-BE2A21FE931E}.Release|Any CPU.ActiveCfg = Release|Any CPU
		{B1F7838B-CF6E-46CA-91B0-BE2A21FE931E}.Release|Any CPU.Build.0 = Release|Any CPU
		{EA50CE90-4D8C-48E6-B28B-5DEFE3E2186A}.Debug|Any CPU.ActiveCfg = Debug|Any CPU
		{EA50CE90-4D8C-48E6-B28B-5DEFE3E2186A}.Debug|Any CPU.Build.0 = Debug|Any CPU
		{EA50CE90-4D8C-48E6-B28B-5DEFE3E2186A}.Release|Any CPU.ActiveCfg = Release|Any CPU
		{EA50CE90-4D8C-48E6-B28B-5DEFE3E2186A}.Release|Any CPU.Build.0 = Release|Any CPU
		{EFFDC964-46E9-4BD4-886C-337552581E26}.Debug|Any CPU.ActiveCfg = Debug|Any CPU
		{EFFDC964-46E9-4BD4-886C-337552581E26}.Debug|Any CPU.Build.0 = Debug|Any CPU
		{EFFDC964-46E9-4BD4-886C-337552581E26}.Release|Any CPU.ActiveCfg = Release|Any CPU
		{EFFDC964-46E9-4BD4-886C-337552581E26}.Release|Any CPU.Build.0 = Release|Any CPU
	EndGlobalSection
	GlobalSection(SolutionProperties) = preSolution
		HideSolutionNode = FALSE
	EndGlobalSection
EndGlobal
